[[package]]
name = "algorithms"
version = "0.1.0"
dependencies = [
 "assert_approx_eq 1.0.0 (registry+https://github.com/rust-lang/crates.io-index)",
]

[[package]]
name = "assert_approx_eq"
version = "1.0.0"
source = "registry+https://github.com/rust-lang/crates.io-index"

[metadata]
"checksum assert_approx_eq 1.0.0 (registry+https://github.com/rust-lang/crates.io-index)" = "1a38a0dd5749f34b8a61d7c1cc47e68c7955676bd17e1b25dd1d30901c556655"
